// !$*UTF8*$!
{
	archiveVersion = 1;
	classes = {
	};
	objectVersion = 52;
	objects = {

/* Begin PBXBuildFile section */
		1DD2950426E3C21D0018873B /* main.swift in Sources */ = {isa = PBXBuildFile; fileRef = 1DD2950326E3C21D0018873B /* main.swift */; };
		1DD2950C26E3C29D0018873B /* TCCService.swift in Sources */ = {isa = PBXBuildFile; fileRef = 1DD2950B26E3C29D0018873B /* TCCService.swift */; };
		1DD2952A26E3CE360018873B /* SwiftCLI in Frameworks */ = {isa = PBXBuildFile; productRef = 1DD2952926E3CE360018873B /* SwiftCLI */; };
		1DD2952D26E3D4260018873B /* AccessTarget.swift in Sources */ = {isa = PBXBuildFile; fileRef = 1DD2952C26E3D4260018873B /* AccessTarget.swift */; };
		1DD2952F26E3D4E10018873B /* TCCIntent.swift in Sources */ = {isa = PBXBuildFile; fileRef = 1DD2952E26E3D4E10018873B /* TCCIntent.swift */; };
/* End PBXBuildFile section */

/* Begin PBXCopyFilesBuildPhase section */
		1DD294FE26E3C21D0018873B /* CopyFiles */ = {
			isa = PBXCopyFilesBuildPhase;
			buildActionMask = 2147483647;
			dstPath = /usr/share/man/man1/;
			dstSubfolderSpec = 0;
			files = (
			);
			runOnlyForDeploymentPostprocessing = 1;
		};
/* End PBXCopyFilesBuildPhase section */

/* Begin PBXFileReference section */
		1DD2950026E3C21D0018873B /* TCCMania */ = {isa = PBXFileReference; explicitFileType = "compiled.mach-o.executable"; includeInIndex = 0; path = TCCMania; sourceTree = BUILT_PRODUCTS_DIR; };
		1DD2950326E3C21D0018873B /* main.swift */ = {isa = PBXFileReference; lastKnownFileType = sourcecode.swift; path = main.swift; sourceTree = "<group>"; };
		1DD2950B26E3C29D0018873B /* TCCService.swift */ = {isa = PBXFileReference; lastKnownFileType = sourcecode.swift; path = TCCService.swift; sourceTree = "<group>"; };
		1DD2952B26E3D1980018873B /* entitlements.plist */ = {isa = PBXFileReference; lastKnownFileType = text.plist.xml; path = entitlements.plist; sourceTree = "<group>"; };
		1DD2952C26E3D4260018873B /* AccessTarget.swift */ = {isa = PBXFileReference; lastKnownFileType = sourcecode.swift; path = AccessTarget.swift; sourceTree = "<group>"; };
		1DD2952E26E3D4E10018873B /* TCCIntent.swift */ = {isa = PBXFileReference; lastKnownFileType = sourcecode.swift; path = TCCIntent.swift; sourceTree = "<group>"; };
		1DD2953026E3D7570018873B /* README.md */ = {isa = PBXFileReference; lastKnownFileType = net.daringfireball.markdown; path = README.md; sourceTree = "<group>"; };
/* End PBXFileReference section */

/* Begin PBXFrameworksBuildPhase section */
		1DD294FD26E3C21D0018873B /* Frameworks */ = {
			isa = PBXFrameworksBuildPhase;
			buildActionMask = 2147483647;
			files = (
				1DD2952A26E3CE360018873B /* SwiftCLI in Frameworks */,
			);
			runOnlyForDeploymentPostprocessing = 0;
		};
/* End PBXFrameworksBuildPhase section */

/* Begin PBXGroup section */
		1DD294F726E3C21D0018873B = {
			isa = PBXGroup;
			children = (
				1DD2953026E3D7570018873B /* README.md */,
				1DD2950226E3C21D0018873B /* TCCMania */,
				1DD2950126E3C21D0018873B /* Products */,
			);
			sourceTree = "<group>";
		};
		1DD2950126E3C21D0018873B /* Products */ = {
			isa = PBXGroup;
			children = (
				1DD2950026E3C21D0018873B /* TCCMania */,
			);
			name = Products;
			sourceTree = "<group>";
		};
		1DD2950226E3C21D0018873B /* TCCMania */ = {
			isa = PBXGroup;
			children = (
				1DD2950A26E3C2970018873B /* Enums */,
				1DD2950326E3C21D0018873B /* main.swift */,
				1DD2952B26E3D1980018873B /* entitlements.plist */,
			);
			path = TCCMania;
			sourceTree = "<group>";
		};
		1DD2950A26E3C2970018873B /* Enums */ = {
			isa = PBXGroup;
			children = (
				1DD2950B26E3C29D0018873B /* TCCService.swift */,
				1DD2952C26E3D4260018873B /* AccessTarget.swift */,
				1DD2952E26E3D4E10018873B /* TCCIntent.swift */,
			);
			path = Enums;
			sourceTree = "<group>";
		};
/* End PBXGroup section */

/* Begin PBXNativeTarget section */
		1DD294FF26E3C21D0018873B /* TCCMania */ = {
			isa = PBXNativeTarget;
			buildConfigurationList = 1DD2950726E3C21D0018873B /* Build configuration list for PBXNativeTarget "TCCMania" */;
			buildPhases = (
				1DD294FC26E3C21D0018873B /* Sources */,
				1DD294FD26E3C21D0018873B /* Frameworks */,
				1DD294FE26E3C21D0018873B /* CopyFiles */,
			);
			buildRules = (
			);
			dependencies = (
			);
			name = TCCMania;
			packageProductDependencies = (
				1DD2952926E3CE360018873B /* SwiftCLI */,
			);
			productName = TCCMania;
			productReference = 1DD2950026E3C21D0018873B /* TCCMania */;
			productType = "com.apple.product-type.tool";
		};
/* End PBXNativeTarget section */

/* Begin PBXProject section */
		1DD294F826E3C21D0018873B /* Project object */ = {
			isa = PBXProject;
			attributes = {
				LastSwiftUpdateCheck = 1250;
				LastUpgradeCheck = 1250;
				TargetAttributes = {
					1DD294FF26E3C21D0018873B = {
						CreatedOnToolsVersion = 12.5;
					};
				};
			};
			buildConfigurationList = 1DD294FB26E3C21D0018873B /* Build configuration list for PBXProject "TCCMania" */;
			compatibilityVersion = "Xcode 9.3";
			developmentRegion = en;
			hasScannedForEncodings = 0;
			knownRegions = (
				en,
				Base,
			);
			mainGroup = 1DD294F726E3C21D0018873B;
			packageReferences = (
				1DD2952826E3CE360018873B /* XCRemoteSwiftPackageReference "SwiftCLI" */,
			);
			productRefGroup = 1DD2950126E3C21D0018873B /* Products */;
			projectDirPath = "";
			projectRoot = "";
			targets = (
				1DD294FF26E3C21D0018873B /* TCCMania */,
			);
		};
/* End PBXProject section */

/* Begin PBXSourcesBuildPhase section */
		1DD294FC26E3C21D0018873B /* Sources */ = {
			isa = PBXSourcesBuildPhase;
			buildActionMask = 2147483647;
			files = (
				1DD2950C26E3C29D0018873B /* TCCService.swift in Sources */,
				1DD2952D26E3D4260018873B /* AccessTarget.swift in Sources */,
				1DD2952F26E3D4E10018873B /* TCCIntent.swift in Sources */,
				1DD2950426E3C21D0018873B /* main.swift in Sources */,
			);
			runOnlyForDeploymentPostprocessing = 0;
		};
/* End PBXSourcesBuildPhase section */

/* Begin XCBuildConfiguration section */
		1DD2950526E3C21D0018873B /* Debug */ = {
			isa = XCBuildConfiguration;
			buildSettings = {
				ALWAYS_SEARCH_USER_PATHS = NO;
				CLANG_ANALYZER_NONNULL = YES;
				CLANG_ANALYZER_NUMBER_OBJECT_CONVERSION = YES_AGGRESSIVE;
				CLANG_CXX_LANGUAGE_STANDARD = "gnu++14";
				CLANG_CXX_LIBRARY = "libc++";
				CLANG_ENABLE_MODULES = YES;
				CLANG_ENABLE_OBJC_ARC = YES;
				CLANG_ENABLE_OBJC_WEAK = YES;
				CLANG_WARN_BLOCK_CAPTURE_AUTORELEASING = YES;
				CLANG_WARN_BOOL_CONVERSION = YES;
				CLANG_WARN_COMMA = YES;
				CLANG_WARN_CONSTANT_CONVERSION = YES;
				CLANG_WARN_DEPRECATED_OBJC_IMPLEMENTATIONS = YES;
				CLANG_WARN_DIRECT_OBJC_ISA_USAGE = YES_ERROR;
				CLANG_WARN_DOCUMENTATION_COMMENTS = YES;
				CLANG_WARN_EMPTY_BODY = YES;
				CLANG_WARN_ENUM_CONVERSION = YES;
				CLANG_WARN_INFINITE_RECURSION = YES;
				CLANG_WARN_INT_CONVERSION = YES;
				CLANG_WARN_NON_LITERAL_NULL_CONVERSION = YES;
				CLANG_WARN_OBJC_IMPLICIT_RETAIN_SELF = YES;
				CLANG_WARN_OBJC_LITERAL_CONVERSION = YES;
				CLANG_WARN_OBJC_ROOT_CLASS = YES_ERROR;
				CLANG_WARN_QUOTED_INCLUDE_IN_FRAMEWORK_HEADER = YES;
				CLANG_WARN_RANGE_LOOP_ANALYSIS = YES;
				CLANG_WARN_STRICT_PROTOTYPES = YES;
				CLANG_WARN_SUSPICIOUS_MOVE = YES;
				CLANG_WARN_UNGUARDED_AVAILABILITY = YES_AGGRESSIVE;
				CLANG_WARN_UNREACHABLE_CODE = YES;
				CLANG_WARN__DUPLICATE_METHOD_MATCH = YES;
				COPY_PHASE_STRIP = NO;
				DEBUG_INFORMATION_FORMAT = dwarf;
				ENABLE_STRICT_OBJC_MSGSEND = YES;
				ENABLE_TESTABILITY = YES;
				GCC_C_LANGUAGE_STANDARD = gnu11;
				GCC_DYNAMIC_NO_PIC = NO;
				GCC_NO_COMMON_BLOCKS = YES;
				GCC_OPTIMIZATION_LEVEL = 0;
				GCC_PREPROCESSOR_DEFINITIONS = (
					"DEBUG=1",
					"$(inherited)",
				);
				GCC_WARN_64_TO_32_BIT_CONVERSION = YES;
				GCC_WARN_ABOUT_RETURN_TYPE = YES_ERROR;
				GCC_WARN_UNDECLARED_SELECTOR = YES;
				GCC_WARN_UNINITIALIZED_AUTOS = YES_AGGRESSIVE;
				GCC_WARN_UNUSED_FUNCTION = YES;
				GCC_WARN_UNUSED_VARIABLE = YES;
				MACOSX_DEPLOYMENT_TARGET = 11.3;
				MTL_ENABLE_DEBUG_INFO = INCLUDE_SOURCE;
				MTL_FAST_MATH = YES;
				ONLY_ACTIVE_ARCH = YES;
				SDKROOT = macosx;
				SWIFT_ACTIVE_COMPILATION_CONDITIONS = DEBUG;
				SWIFT_OPTIMIZATION_LEVEL = "-Onone";
			};
			name = Debug;
		};
		1DD2950626E3C21D0018873B /* Release */ = {
			isa = XCBuildConfiguration;
			buildSettings = {
				ALWAYS_SEARCH_USER_PATHS = NO;
				CLANG_ANALYZER_NONNULL = YES;
				CLANG_ANALYZER_NUMBER_OBJECT_CONVERSION = YES_AGGRESSIVE;
				CLANG_CXX_LANGUAGE_STANDARD = "gnu++14";
				CLANG_CXX_LIBRARY = "libc++";
				CLANG_ENABLE_MODULES = YES;
				CLANG_ENABLE_OBJC_ARC = YES;
				CLANG_ENABLE_OBJC_WEAK = YES;
				CLANG_WARN_BLOCK_CAPTURE_AUTORELEASING = YES;
				CLANG_WARN_BOOL_CONVERSION = YES;
				CLANG_WARN_COMMA = YES;
				CLANG_WARN_CONSTANT_CONVERSION = YES;
				CLANG_WARN_DEPRECATED_OBJC_IMPLEMENTATIONS = YES;
				CLANG_WARN_DIRECT_OBJC_ISA_USAGE = YES_ERROR;
				CLANG_WARN_DOCUMENTATION_COMMENTS = YES;
				CLANG_WARN_EMPTY_BODY = YES;
				CLANG_WARN_ENUM_CONVERSION = YES;
				CLANG_WARN_INFINITE_RECURSION = YES;
				CLANG_WARN_INT_CONVERSION = YES;
				CLANG_WARN_NON_LITERAL_NULL_CONVERSION = YES;
				CLANG_WARN_OBJC_IMPLICIT_RETAIN_SELF = YES;
				CLANG_WARN_OBJC_LITERAL_CONVERSION = YES;
				CLANG_WARN_OBJC_ROOT_CLASS = YES_ERROR;
				CLANG_WARN_QUOTED_INCLUDE_IN_FRAMEWORK_HEADER = YES;
				CLANG_WARN_RANGE_LOOP_ANALYSIS = YES;
				CLANG_WARN_STRICT_PROTOTYPES = YES;
				CLANG_WARN_SUSPICIOUS_MOVE = YES;
				CLANG_WARN_UNGUARDED_AVAILABILITY = YES_AGGRESSIVE;
				CLANG_WARN_UNREACHABLE_CODE = YES;
				CLANG_WARN__DUPLICATE_METHOD_MATCH = YES;
				COPY_PHASE_STRIP = NO;
				DEBUG_INFORMATION_FORMAT = "dwarf-with-dsym";
				ENABLE_NS_ASSERTIONS = NO;
				ENABLE_STRICT_OBJC_MSGSEND = YES;
				GCC_C_LANGUAGE_STANDARD = gnu11;
				GCC_NO_COMMON_BLOCKS = YES;
				GCC_WARN_64_TO_32_BIT_CONVERSION = YES;
				GCC_WARN_ABOUT_RETURN_TYPE = YES_ERROR;
				GCC_WARN_UNDECLARED_SELECTOR = YES;
				GCC_WARN_UNINITIALIZED_AUTOS = YES_AGGRESSIVE;
				GCC_WARN_UNUSED_FUNCTION = YES;
				GCC_WARN_UNUSED_VARIABLE = YES;
				MACOSX_DEPLOYMENT_TARGET = 11.3;
				MTL_ENABLE_DEBUG_INFO = NO;
				MTL_FAST_MATH = YES;
				SDKROOT = macosx;
				SWIFT_COMPILATION_MODE = wholemodule;
				SWIFT_OPTIMIZATION_LEVEL = "-O";
			};
			name = Release;
		};
		1DD2950826E3C21D0018873B /* Debug */ = {
			isa = XCBuildConfiguration;
			buildSettings = {
				CODE_SIGN_ENTITLEMENTS = TCCMania/entitlements.plist;
				CODE_SIGN_STYLE = Automatic;
				DEVELOPMENT_TEAM = 6UW2D7F2RU;
				ENABLE_HARDENED_RUNTIME = YES;
				PRODUCT_NAME = "$(TARGET_NAME)";
				SWIFT_VERSION = 5.0;
			};
			name = Debug;
		};
		1DD2950926E3C21D0018873B /* Release */ = {
			isa = XCBuildConfiguration;
			buildSettings = {
				CODE_SIGN_ENTITLEMENTS = TCCMania/entitlements.plist;
				CODE_SIGN_STYLE = Automatic;
				DEVELOPMENT_TEAM = 6UW2D7F2RU;
				ENABLE_HARDENED_RUNTIME = YES;
				PRODUCT_NAME = "$(TARGET_NAME)";
				SWIFT_VERSION = 5.0;
			};
			name = Release;
		};
/* End XCBuildConfiguration section */

/* Begin XCConfigurationList section */
		1DD294FB26E3C21D0018873B /* Build configuration list for PBXProject "TCCMania" */ = {
			isa = XCConfigurationList;
			buildConfigurations = (
				1DD2950526E3C21D0018873B /* Debug */,
				1DD2950626E3C21D0018873B /* Release */,
			);
			defaultConfigurationIsVisible = 0;
			defaultConfigurationName = Release;
		};
		1DD2950726E3C21D0018873B /* Build configuration list for PBXNativeTarget "TCCMania" */ = {
			isa = XCConfigurationList;
			buildConfigurations = (
				1DD2950826E3C21D0018873B /* Debug */,
				1DD2950926E3C21D0018873B /* Release */,
			);
			defaultConfigurationIsVisible = 0;
			defaultConfigurationName = Release;
		};
/* End XCConfigurationList section */

/* Begin XCRemoteSwiftPackageReference section */
		1DD2952826E3CE360018873B /* XCRemoteSwiftPackageReference "SwiftCLI" */ = {
			isa = XCRemoteSwiftPackageReference;
			repositoryURL = "https://github.com/jakeheis/SwiftCLI";
			requirement = {
				kind = upToNextMajorVersion;
				minimumVersion = 6.0.2;
			};
		};
/* End XCRemoteSwiftPackageReference section */

/* Begin XCSwiftPackageProductDependency section */
		1DD2952926E3CE360018873B /* SwiftCLI */ = {
			isa = XCSwiftPackageProductDependency;
			package = 1DD2952826E3CE360018873B /* XCRemoteSwiftPackageReference "SwiftCLI" */;
			productName = SwiftCLI;
		};
/* End XCSwiftPackageProductDependency section */
	};
	rootObject = 1DD294F826E3C21D0018873B /* Project object */;
}
